<?xml version="1.0" encoding="UTF-8" standalone="yes" ?>
<CodeBlocks_project_file>
	<FileVersion major="1" minor="6" />
	<Project>
		<Option title="CppUTest" />
		<Option pch_mode="2" />
		<Option compiler="cygwin" />
		<Build>
			<Target title="CppUTest">
				<Option output="cpputest\lib\lib$(TARGET_NAME)" prefix_auto="1" extension_auto="1" />
				<Option working_dir="" />
				<Option object_output="out\" />
				<Option type="2" />
				<Option compiler="cygwin" />
			</Target>
			<Target title="CppUTestExt">
				<Option output="cpputest\lib\lib$(TARGET_NAME)" prefix_auto="1" extension_auto="1" />
				<Option working_dir="" />
				<Option object_output="out\" />
				<Option type="2" />
				<Option compiler="cygwin" />
			</Target>
			<Target title="RunAllTests">
				<Option output="$(TARGET_NAME).exe" prefix_auto="1" extension_auto="0" />
				<Option object_output="out" />
				<Option type="1" />
				<Option compiler="cygwin" />
				<Option parameters="-v" />
				<Linker>
					<Add library="CppUTest" />
					<Add library="CppUTestExt" />
					<Add directory="cpputest\lib" />
				</Linker>
			</Target>
			<Target title="RunAllTestsExt">
				<Option output="$(TARGET_NAME).exe" prefix_auto="1" extension_auto="0" />
				<Option object_output="out" />
				<Option type="1" />
				<Option compiler="cygwin" />
				<Option parameters="-v" />
				<Option projectCompilerOptionsRelation="1" />
				<Compiler>
					<Add option="-Werror" />
					<Add option='-include &quot;CppuTest/MemoryLeakDetectorMallocMacros.h&quot;' />
				</Compiler>
				<Linker>
					<Add library="CppUTest" />
					<Add directory="cpputest\lib" />
				</Linker>
			</Target>
			<Target title="Examples">
				<Option output="$(TARGET_NAME).exe" prefix_auto="1" extension_auto="0" />
				<Option object_output="out" />
				<Option type="1" />
				<Option compiler="cygwin" />
				<Option parameters="-v" />
				<Compiler>
					<Add directory="cpputest\examples\ApplicationLib" />
				</Compiler>
				<Linker>
					<Add library="CppUTest" />
					<Add library="CppUTestExt" />
					<Add directory="cpputest\lib" />
				</Linker>
			</Target>
		</Build>
		<Compiler>
			<Add option="-pedantic" />
			<Add option="-Wextra" />
			<Add option="-Wall" />
			<Add option="-g" />
			<Add option="-Werror" />
			<Add option='-include &quot;CppuTest/MemoryLeakDetectorMallocMacros.h&quot;' />
			<Add option='-include &quot;CppuTest/MemoryLeakDetectorNewMacros.h&quot;' />
			<Add directory="cpputest\include" />
			<Add directory="cpputest" />
		</Compiler>
		<Linker>
			<Add directory="cpputest\lib" />
		</Linker>
		<Unit filename="cpputest\examples\AllTests\AllTests.cpp">
			<Option target="Examples" />
		</Unit>
		<Unit filename="cpputest\examples\AllTests\CircularBufferTest.cpp">
			<Option target="Examples" />
		</Unit>
		<Unit filename="cpputest\examples\AllTests\EventDispatcherTest.cpp">
			<Option target="Examples" />
		</Unit>
		<Unit filename="cpputest\examples\AllTests\HelloTest.cpp">
			<Option target="Examples" />
		</Unit>
		<Unit filename="cpputest\examples\AllTests\MockDocumentationTest.cpp">
			<Option target="Examples" />
		</Unit>
		<Unit filename="cpputest\examples\AllTests\PrinterTest.cpp">
			<Option target="Examples" />
		</Unit>
		<Unit filename="cpputest\examples\ApplicationLib\AllTests.h">
			<Option target="Examples" />
		</Unit>
		<Unit filename="cpputest\examples\ApplicationLib\CircularBuffer.cpp">
			<Option target="Examples" />
		</Unit>
		<Unit filename="cpputest\examples\ApplicationLib\CircularBuffer.h">
			<Option target="Examples" />
		</Unit>
		<Unit filename="cpputest\examples\ApplicationLib\EventDispatcher.cpp">
			<Option target="Examples" />
		</Unit>
		<Unit filename="cpputest\examples\ApplicationLib\EventDispatcher.h">
			<Option target="Examples" />
		</Unit>
		<Unit filename="cpputest\examples\ApplicationLib\ExamplesNewOverrides.h">
			<Option target="Examples" />
		</Unit>
		<Unit filename="cpputest\examples\ApplicationLib\MockPrinter.h">
			<Option target="Examples" />
		</Unit>
		<Unit filename="cpputest\examples\ApplicationLib\Printer.cpp">
			<Option target="Examples" />
		</Unit>
		<Unit filename="cpputest\examples\ApplicationLib\Printer.h">
			<Option target="Examples" />
		</Unit>
		<Unit filename="cpputest\examples\ApplicationLib\hello.c">
			<Option compilerVar="CC" />
			<Option target="Examples" />
		</Unit>
		<Unit filename="cpputest\examples\ApplicationLib\hello.h">
			<Option target="Examples" />
		</Unit>
		<Unit filename="cpputest\include\CppUTestExt\CodeMemoryReportFormatter.h">
			<Option target="CppUTestExt" />
			<Option target="RunAllTests" />
			<Option target="RunAllTestsExt" />
			<Option target="Examples" />
		</Unit>
		<Unit filename="cpputest\include\CppUTestExt\CppUTestGMock\gmock\gmock.h">
			<Option target="CppUTestExt" />
			<Option target="RunAllTests" />
			<Option target="RunAllTestsExt" />
			<Option target="Examples" />
		</Unit>
		<Unit filename="cpputest\include\CppUTestExt\CppUTestGTest\gtest\gtest.h">
			<Option target="CppUTestExt" />
			<Option target="RunAllTests" />
			<Option target="RunAllTestsExt" />
			<Option target="Examples" />
		</Unit>
		<Unit filename="cpputest\include\CppUTestExt\GMock.h">
			<Option target="CppUTestExt" />
			<Option target="RunAllTests" />
			<Option target="RunAllTestsExt" />
			<Option target="Examples" />
		</Unit>
		<Unit filename="cpputest\include\CppUTestExt\GTestConvertor.h">
			<Option target="CppUTestExt" />
			<Option target="RunAllTests" />
			<Option target="RunAllTestsExt" />
			<Option target="Examples" />
		</Unit>
		<Unit filename="cpputest\include\CppUTestExt\MemoryReportAllocator.h">
			<Option target="CppUTestExt" />
			<Option target="RunAllTests" />
			<Option target="RunAllTestsExt" />
			<Option target="Examples" />
		</Unit>
		<Unit filename="cpputest\include\CppUTestExt\MemoryReportFormatter.h">
			<Option target="CppUTestExt" />
			<Option target="RunAllTests" />
			<Option target="RunAllTestsExt" />
			<Option target="Examples" />
		</Unit>
		<Unit filename="cpputest\include\CppUTestExt\MemoryReporterPlugin.h">
			<Option target="CppUTestExt" />
			<Option target="RunAllTests" />
			<Option target="RunAllTestsExt" />
			<Option target="Examples" />
		</Unit>
		<Unit filename="cpputest\include\CppUTestExt\MockActualCall.h" />
		<Unit filename="cpputest\include\CppUTestExt\MockActualFunctionCall.h">
			<Option target="CppUTestExt" />
			<Option target="RunAllTests" />
			<Option target="RunAllTestsExt" />
			<Option target="Examples" />
		</Unit>
		<Unit filename="cpputest\include\CppUTestExt\MockCheckedActualCall.h">
			<Option target="CppUTestExt" />
			<Option target="RunAllTests" />
			<Option target="RunAllTestsExt" />
			<Option target="Examples" />
		</Unit>
		<Unit filename="cpputest\include\CppUTestExt\MockCheckedExpectedCall.h">
			<Option target="CppUTestExt" />
			<Option target="RunAllTests" />
			<Option target="RunAllTestsExt" />
			<Option target="Examples" />
		</Unit>
		<Unit filename="cpputest\include\CppUTestExt\MockExpectedCall.h" />
		<Unit filename="cpputest\include\CppUTestExt\MockExpectedCallsList.h" />
		<Unit filename="cpputest\include\CppUTestExt\MockFailure.h" />
		<Unit filename="cpputest\include\CppUTestExt\MockNamedValue.h" />
		<Unit filename="cpputest\include\CppUTestExt\MockSupport.h" />
		<Unit filename="cpputest\include\CppUTestExt\MockSupportPlugin.h" />
		<Unit filename="cpputest\include\CppUTestExt\MockSupport_c.h" />
		<Unit filename="cpputest\include\CppUTestExt\OrderedTest.h" />
		<Unit filename="cpputest\include\CppUTest\CommandLineArguments.h" />
		<Unit filename="cpputest\include\CppUTest\CommandLineTestRunner.h" />
		<Unit filename="cpputest\include\CppUTest\CppUTestConfig.h" />
		<Unit filename="cpputest\include\CppUTest\JUnitTestOutput.h" />
		<Unit filename="cpputest\include\CppUTest\MemoryLeakDetector.h" />
		<Unit filename="cpputest\include\CppUTest\MemoryLeakDetectorMallocMacros.h" />
		<Unit filename="cpputest\include\CppUTest\MemoryLeakDetectorNewMacros.h" />
		<Unit filename="cpputest\include\CppUTest\MemoryLeakWarningPlugin.h" />
		<Unit filename="cpputest\include\CppUTest\PlatformSpecificFunctions.h" />
		<Unit filename="cpputest\include\CppUTest\PlatformSpecificFunctions_c.h" />
		<Unit filename="cpputest\include\CppUTest\SimpleString.h" />
		<Unit filename="cpputest\include\CppUTest\StandardCLibrary.h" />
		<Unit filename="cpputest\include\CppUTest\TestFailure.h" />
		<Unit filename="cpputest\include\CppUTest\TestFilter.h" />
		<Unit filename="cpputest\include\CppUTest\TestHarness.h" />
		<Unit filename="cpputest\include\CppUTest\TestHarness_c.h" />
		<Unit filename="cpputest\include\CppUTest\TestMemoryAllocator.h" />
		<Unit filename="cpputest\include\CppUTest\TestOutput.h" />
		<Unit filename="cpputest\include\CppUTest\TestPlugin.h" />
		<Unit filename="cpputest\include\CppUTest\TestRegistry.h" />
		<Unit filename="cpputest\include\CppUTest\TestResult.h" />
		<Unit filename="cpputest\include\CppUTest\TestTestingFixture.h" />
		<Unit filename="cpputest\include\CppUTest\Utest.h" />
		<Unit filename="cpputest\include\CppUTest\UtestMacros.h" />
		<Unit filename="cpputest\include\Platforms\Gcc\Platform.h" />
		<Unit filename="cpputest\include\Platforms\StarterKit\Platform.h" />
		<Unit filename="cpputest\include\Platforms\Symbian\Platform.h" />
		<Unit filename="cpputest\include\Platforms\VisualCpp\Platform.h" />
		<Unit filename="cpputest\include\Platforms\VisualCpp\stdint.h" />
		<Unit filename="cpputest\include\Platforms\c2000\Platform.h" />
		<Unit filename="cpputest\include\Platforms\c2000\stdint.h" />
		<Unit filename="cpputest\src\CppUTestExt\CodeMemoryReportFormatter.cpp">
			<Option target="CppUTestExt" />
			<Option target="RunAllTestsExt" />
		</Unit>
		<Unit filename="cpputest\src\CppUTestExt\MemoryReportAllocator.cpp">
			<Option target="CppUTestExt" />
			<Option target="RunAllTestsExt" />
		</Unit>
		<Unit filename="cpputest\src\CppUTestExt\MemoryReportFormatter.cpp">
			<Option target="CppUTestExt" />
			<Option target="RunAllTestsExt" />
		</Unit>
		<Unit filename="cpputest\src\CppUTestExt\MemoryReporterPlugin.cpp">
			<Option target="CppUTestExt" />
			<Option target="RunAllTestsExt" />
		</Unit>
		<Unit filename="cpputest\src\CppUTestExt\MockActualCall.cpp" />
		<Unit filename="cpputest\src\CppUTestExt\MockExpectedCall.cpp" />
		<Unit filename="cpputest\src\CppUTestExt\MockExpectedCallsList.cpp">
			<Option target="CppUTestExt" />
			<Option target="RunAllTestsExt" />
		</Unit>
		<Unit filename="cpputest\src\CppUTestExt\MockFailure.cpp">
			<Option target="CppUTestExt" />
			<Option target="RunAllTestsExt" />
		</Unit>
		<Unit filename="cpputest\src\CppUTestExt\MockNamedValue.cpp">
			<Option target="CppUTestExt" />
			<Option target="RunAllTestsExt" />
		</Unit>
		<Unit filename="cpputest\src\CppUTestExt\MockSupport.cpp">
			<Option target="CppUTestExt" />
			<Option target="RunAllTestsExt" />
		</Unit>
		<Unit filename="cpputest\src\CppUTestExt\MockSupportPlugin.cpp">
			<Option target="CppUTestExt" />
			<Option target="RunAllTestsExt" />
		</Unit>
		<Unit filename="cpputest\src\CppUTestExt\MockSupport_c.cpp">
			<Option target="CppUTestExt" />
			<Option target="RunAllTestsExt" />
		</Unit>
		<Unit filename="cpputest\src\CppUTestExt\OrderedTest.cpp">
			<Option target="CppUTestExt" />
			<Option target="RunAllTestsExt" />
		</Unit>
		<Unit filename="cpputest\src\CppUTest\CommandLineArguments.cpp">
			<Option target="CppUTest" />
		</Unit>
		<Unit filename="cpputest\src\CppUTest\CommandLineTestRunner.cpp">
			<Option target="CppUTest" />
		</Unit>
		<Unit filename="cpputest\src\CppUTest\JUnitTestOutput.cpp">
			<Option target="CppUTest" />
		</Unit>
		<Unit filename="cpputest\src\CppUTest\MemoryLeakDetector.cpp">
			<Option target="CppUTest" />
		</Unit>
		<Unit filename="cpputest\src\CppUTest\MemoryLeakWarningPlugin.cpp">
			<Option target="CppUTest" />
		</Unit>
		<Unit filename="cpputest\src\CppUTest\SimpleString.cpp">
			<Option target="CppUTest" />
		</Unit>
		<Unit filename="cpputest\src\CppUTest\TestFailure.cpp">
			<Option target="CppUTest" />
		</Unit>
		<Unit filename="cpputest\src\CppUTest\TestFilter.cpp">
			<Option target="CppUTest" />
		</Unit>
		<Unit filename="cpputest\src\CppUTest\TestHarness_c.cpp">
			<Option target="CppUTest" />
		</Unit>
		<Unit filename="cpputest\src\CppUTest\TestMemoryAllocator.cpp">
			<Option target="CppUTest" />
		</Unit>
		<Unit filename="cpputest\src\CppUTest\TestOutput.cpp">
			<Option target="CppUTest" />
		</Unit>
		<Unit filename="cpputest\src\CppUTest\TestPlugin.cpp">
			<Option target="CppUTest" />
		</Unit>
		<Unit filename="cpputest\src\CppUTest\TestRegistry.cpp">
			<Option target="CppUTest" />
		</Unit>
		<Unit filename="cpputest\src\CppUTest\TestResult.cpp">
			<Option target="CppUTest" />
		</Unit>
		<Unit filename="cpputest\src\CppUTest\Utest.cpp">
			<Option target="CppUTest" />
		</Unit>
		<Unit filename="cpputest\src\Platforms\C2000\UtestPlatform.cpp">
			<Option compile="0" />
			<Option link="0" />
			<Option target="CppUTest" />
		</Unit>
		<Unit filename="cpputest\src\Platforms\Gcc\UtestPlatform.cpp">
			<Option compiler="cygwin" use="1" buildCommand="$compiler $includes -c $file -o $object" />
			<Option target="CppUTest" />
		</Unit>
		<Unit filename="cpputest\tests\AllTests.cpp">
			<Option target="RunAllTests" />
		</Unit>
		<Unit filename="cpputest\tests\AllTests.h">
			<Option target="RunAllTests" />
		</Unit>
		<Unit filename="cpputest\tests\AllocLetTestFree.c">
			<Option compilerVar="CC" />
			<Option target="RunAllTests" />
		</Unit>
		<Unit filename="cpputest\tests\AllocLetTestFree.h">
			<Option target="RunAllTests" />
		</Unit>
		<Unit filename="cpputest\tests\AllocLetTestFreeTest.cpp">
			<Option target="RunAllTests" />
		</Unit>
		<Unit filename="cpputest\tests\AllocationInCFile.c">
			<Option compilerVar="CC" />
			<Option target="RunAllTests" />
		</Unit>
		<Unit filename="cpputest\tests\AllocationInCFile.h">
			<Option target="RunAllTests" />
		</Unit>
		<Unit filename="cpputest\tests\AllocationInCppFile.cpp">
			<Option target="RunAllTests" />
		</Unit>
		<Unit filename="cpputest\tests\AllocationInCppFile.h">
			<Option target="RunAllTests" />
		</Unit>
		<Unit filename="cpputest\tests\CheatSheetTest.cpp">
			<Option target="RunAllTests" />
		</Unit>
		<Unit filename="cpputest\tests\CommandLineArgumentsTest.cpp">
			<Option target="RunAllTests" />
		</Unit>
		<Unit filename="cpputest\tests\CommandLineTestRunnerTest.cpp">
			<Option target="RunAllTests" />
		</Unit>
		<Unit filename="cpputest\tests\CppUTestExt\AllTests.cpp">
			<Option target="RunAllTestsExt" />
		</Unit>
		<Unit filename="cpputest\tests\CppUTestExt\CodeMemoryReportFormatterTest.cpp">
			<Option target="RunAllTestsExt" />
		</Unit>
		<Unit filename="cpputest\tests\CppUTestExt\GMockTest.cpp">
			<Option target="RunAllTestsExt" />
		</Unit>
		<Unit filename="cpputest\tests\CppUTestExt\GTest1Test.cpp">
			<Option target="RunAllTestsExt" />
		</Unit>
		<Unit filename="cpputest\tests\CppUTestExt\GTest2ConvertorTest.cpp">
			<Option target="RunAllTestsExt" />
		</Unit>
		<Unit filename="cpputest\tests\CppUTestExt\MemoryReportAllocatorTest.cpp">
			<Option target="RunAllTestsExt" />
		</Unit>
		<Unit filename="cpputest\tests\CppUTestExt\MemoryReportFormatterTest.cpp">
			<Option target="RunAllTestsExt" />
		</Unit>
		<Unit filename="cpputest\tests\CppUTestExt\MemoryReporterPluginTest.cpp">
			<Option target="RunAllTestsExt" />
		</Unit>
		<Unit filename="cpputest\tests\CppUTestExt\MockActualCallTest.cpp">
			<Option target="RunAllTestsExt" />
		</Unit>
		<Unit filename="cpputest\tests\CppUTestExt\MockCheatSheetTest.cpp">
			<Option target="RunAllTestsExt" />
		</Unit>
		<Unit filename="cpputest\tests\CppUTestExt\MockExpectedCallTest.cpp">
			<Option target="RunAllTestsExt" />
		</Unit>
		<Unit filename="cpputest\tests\CppUTestExt\MockExpectedFunctionsListTest.cpp">
			<Option target="RunAllTestsExt" />
		</Unit>
		<Unit filename="cpputest\tests\CppUTestExt\MockFailureTest.cpp">
			<Option target="RunAllTestsExt" />
		</Unit>
		<Unit filename="cpputest\tests\CppUTestExt\MockFailureTest.h">
			<Option target="RunAllTestsExt" />
		</Unit>
		<Unit filename="cpputest\tests\CppUTestExt\MockPluginTest.cpp">
			<Option target="RunAllTestsExt" />
		</Unit>
		<Unit filename="cpputest\tests\CppUTestExt\MockSupportTest.cpp">
			<Option target="RunAllTestsExt" />
		</Unit>
		<Unit filename="cpputest\tests\CppUTestExt\MockSupport_cTest.cpp">
			<Option target="RunAllTestsExt" />
		</Unit>
		<Unit filename="cpputest\tests\CppUTestExt\MockSupport_cTestCFile.c">
			<Option compilerVar="CC" />
			<Option target="RunAllTestsExt" />
		</Unit>
		<Unit filename="cpputest\tests\CppUTestExt\MockSupport_cTestCFile.h">
			<Option target="RunAllTestsExt" />
		</Unit>
		<Unit filename="cpputest\tests\CppUTestExt\OrderedTestTest.cpp">
			<Option target="RunAllTestsExt" />
		</Unit>
		<Unit filename="cpputest\tests\JUnitOutputTest.cpp">
			<Option target="RunAllTests" />
		</Unit>
		<Unit filename="cpputest\tests\MemoryLeakDetectorTest.cpp">
			<Option target="RunAllTests" />
		</Unit>
		<Unit filename="cpputest\tests\MemoryLeakOperatorOverloadsTest.cpp">
			<Option target="RunAllTests" />
		</Unit>
		<Unit filename="cpputest\tests\MemoryLeakWarningTest.cpp">
			<Option target="RunAllTests" />
		</Unit>
		<Unit filename="cpputest\tests\NullTestTest.cpp">
			<Option target="RunAllTests" />
		</Unit>
		<Unit filename="cpputest\tests\PluginTest.cpp">
			<Option target="RunAllTests" />
		</Unit>
		<Unit filename="cpputest\tests\PreprocessorTest.cpp">
			<Option target="RunAllTests" />
		</Unit>
		<Unit filename="cpputest\tests\SetPluginTest.cpp">
			<Option target="RunAllTests" />
		</Unit>
		<Unit filename="cpputest\tests\SimpleStringTest.cpp">
			<Option target="RunAllTests" />
		</Unit>
		<Unit filename="cpputest\tests\TestFailureTest.cpp">
			<Option target="RunAllTests" />
		</Unit>
		<Unit filename="cpputest\tests\TestFilterTest.cpp">
			<Option target="RunAllTests" />
		</Unit>
		<Unit filename="cpputest\tests\TestHarness_cTest.cpp">
			<Option target="RunAllTests" />
		</Unit>
		<Unit filename="cpputest\tests\TestHarness_cTestCFile.c">
			<Option compilerVar="CC" />
			<Option target="RunAllTests" />
		</Unit>
		<Unit filename="cpputest\tests\TestInstallerTest.cpp">
			<Option target="RunAllTests" />
		</Unit>
		<Unit filename="cpputest\tests\TestMemoryAllocatorTest.cpp">
			<Option target="RunAllTests" />
		</Unit>
		<Unit filename="cpputest\tests\TestOutputTest.cpp">
			<Option target="RunAllTests" />
		</Unit>
		<Unit filename="cpputest\tests\TestRegistryTest.cpp">
			<Option target="RunAllTests" />
		</Unit>
		<Unit filename="cpputest\tests\TestResultTest.cpp">
			<Option target="RunAllTests" />
		</Unit>
		<Unit filename="cpputest\tests\TestUTestMacro.cpp">
			<Option target="RunAllTests" />
		</Unit>
		<Unit filename="cpputest\tests\UtestTest.cpp">
			<Option target="RunAllTests" />
		</Unit>
		<Extensions>
			<code_completion />
			<envvars />
			<debugger />
		</Extensions>
	</Project>
</CodeBlocks_project_file>
