<?xml version="1.0" encoding="UTF-8" standalone="yes" ?>
<CodeBlocks_project_file>
	<FileVersion major="1" minor="6" />
	<Project>
		<Option title="CppUTest" />
		<Option pch_mode="2" />
		<Option compiler="cygwin" />
		<Build>
			<Target title="CppUTest">
				<Option output="cppuTest/lib/$(TARGET_NAME)" prefix_auto="1" extension_auto="1" />
				<Option working_dir="" />
				<Option object_output="out/" />
				<Option type="2" />
				<Option compiler="cygwin" />
			</Target>
			<Target title="CppUTestExt">
				<Option output="cppUTest/lib/$(TARGET_NAME)" prefix_auto="1" extension_auto="1" />
				<Option working_dir="" />
				<Option object_output="out/" />
				<Option type="2" />
				<Option compiler="cygwin" />
			</Target>
			<Target title="RunAllTests">
				<Option output="$(TARGET_NAME).exe" prefix_auto="1" extension_auto="0" />
				<Option object_output="out" />
				<Option type="1" />
				<Option compiler="cygwin" />
				<Option parameters="-v" />
				<Linker>
					<Add library="CppUTest" />
				</Linker>
			</Target>
			<Target title="RunAllTestsExt">
				<Option output="$(TARGET_NAME).exe" prefix_auto="1" extension_auto="0" />
				<Option object_output="out" />
				<Option type="1" />
				<Option compiler="cygwin" />
				<Option parameters="-v" />
				<Linker>
					<Add library="CppUTest" />
					<Add directory="cpputest/lib" />
				</Linker>
			</Target>
			<Target title="ApplicationLib">
				<Option output="$(TARGET_NAME)" prefix_auto="1" extension_auto="1" />
				<Option working_dir="" />
				<Option object_output="out" />
				<Option type="2" />
				<Option compiler="cygwin" />
				<Option parameters="-v" />
				<Compiler>
					<Add directory="cpputest/examples/ApplicationLib" />
				</Compiler>
				<Linker>
					<Add library="CppUTest" />
					<Add library="CppUTestExt" />
					<Add directory="cpputest/lib" />
				</Linker>
			</Target>
			<Target title="AllTests">
				<Option output="$(TARGET_NAME).exe" prefix_auto="1" extension_auto="0" />
				<Option object_output="out" />
				<Option type="1" />
				<Option compiler="cygwin" />
				<Option parameters="-v -nReallocNonAllocatedMemory" />
				<Compiler>
					<Add directory="cpputest/examples/ApplicationLib" />
				</Compiler>
				<Linker>
					<Add library="CppUTest" />
					<Add library="CppUTestExt" />
					<Add library="ApplicationLib" />
					<Add directory="cpputest/lib" />
					<Add directory="." />
				</Linker>
			</Target>
			<Target title="CppUTest-gcov">
				<Option output="cppuTest/lib/$(TARGET_NAME)" prefix_auto="1" extension_auto="1" />
				<Option working_dir="" />
				<Option object_output="out/" />
				<Option type="2" />
				<Option compiler="cygwin" />
				<Compiler>
					<Add option="--coverage" />
				</Compiler>
			</Target>
			<Target title="CppUTestExt-gcov">
				<Option output="cpputest/lib/$(TARGET_NAME)" prefix_auto="1" extension_auto="1" />
				<Option working_dir="" />
				<Option object_output="out/" />
				<Option type="2" />
				<Option compiler="cygwin" />
				<Compiler>
					<Add option="--coverage" />
				</Compiler>
			</Target>
			<Target title="RunAllTests-gcov">
				<Option output="$(TARGET_NAME).exe" prefix_auto="1" extension_auto="0" />
				<Option object_output="out" />
				<Option type="1" />
				<Option compiler="cygwin" />
				<Option parameters="-v  -gCommandLineTestRunner" />
				<Compiler>
					<Add option="--coverage" />
				</Compiler>
				<Linker>
					<Add library="CppUTest-gcov" />
					<Add library="gcov" />
					<Add library="pthread" />
				</Linker>
			</Target>
			<Target title="RunAllTestsExt-gcov">
				<Option output="$(TARGET_NAME).exe" prefix_auto="1" extension_auto="0" />
				<Option object_output="out" />
				<Option type="1" />
				<Option compiler="cygwin" />
				<Option parameters="-v " />
				<Compiler>
					<Add option="--coverage" />
				</Compiler>
				<Linker>
					<Add library="CppUTest-gcov" />
					<Add library="CppUTestExt-gcov" />
					<Add library="gcov" />
					<Add library="pthread" />
					<Add directory="cpputest/lib" />
				</Linker>
			</Target>
			<Target title="XRunAllTests">
				<Option output="$(TARGET_NAME).exe" prefix_auto="1" extension_auto="0" />
				<Option object_output="out" />
				<Option type="1" />
				<Option compiler="cygwin" />
				<Option parameters="-v -nturnOnThreadSafeMallocFreeReallocOverloadsDebug" />
				<Option projectCompilerOptionsRelation="1" />
				<Compiler>
					<Add option="-g" />
				</Compiler>
			</Target>
			<Target title="XCppUTest">
				<Option output="cppuTest/lib/$(TARGET_NAME)" prefix_auto="1" extension_auto="1" />
				<Option working_dir="" />
				<Option object_output="out/" />
				<Option type="2" />
				<Option compiler="cygwin" />
				<Option projectCompilerOptionsRelation="1" />
				<Compiler>
					<Add option="-g" />
				</Compiler>
			</Target>
			<Target title="XCppUTestExt">
				<Option output="cppUTest/lib/$(TARGET_NAME)" prefix_auto="1" extension_auto="1" />
				<Option working_dir="" />
				<Option object_output="out/" />
				<Option type="2" />
				<Option compiler="cygwin" />
				<Option projectCompilerOptionsRelation="1" />
				<Compiler>
					<Add option="-g" />
				</Compiler>
			</Target>
			<Target title="XRunAllTestsExt">
				<Option output="$(TARGET_NAME).exe" prefix_auto="1" extension_auto="0" />
				<Option object_output="out" />
				<Option type="1" />
				<Option compiler="cygwin" />
				<Option parameters="-v" />
				<Option projectCompilerOptionsRelation="1" />
				<Option projectLinkerOptionsRelation="1" />
				<Compiler>
					<Add option="-O2 -ffreestanding" />
				</Compiler>
				<Linker>
					<Add library="CppUTest" />
					<Add directory="cpputest/lib" />
				</Linker>
			</Target>
		</Build>
		<VirtualTargets>
			<Add alias="All" targets="CppUTest;CppUTestExt;RunAllTests;AllTests;RunAllTestsExt;" />
			<Add alias="All-gcov" targets="CppUTest-gcov;CppUTestExt-gcov;RunAllTestsExt-gcov;RunAllTests-gcov;" />
		</VirtualTargets>
		<Compiler>
			<Add option="-pedantic" />
			<Add option="-Wextra" />
			<Add option="-Wall" />
			<Add option="-g" />
			<Add option="-Werror" />
			<Add option="-Wconversion" />
			<Add option='-include &quot;CppuTest/MemoryLeakDetectorMallocMacros.h&quot;' />
			<Add option='-include &quot;CppuTest/MemoryLeakDetectorNewMacros.h&quot;' />
			<Add option="-DCPPUTEST_USE_STD_CPP_LIB" />
			<Add option="-DCPPUTEST_USE_MEM_LEAK_DETECTION" />
			<Add directory="cpputest/include" />
			<Add directory="cpputest" />
			<Add directory="CppUTest/src/Platforms/Gcc" />
		</Compiler>
		<Linker>
			<Add directory="cpputest/lib" />
		</Linker>
		<Unit filename="cpputest/examples/AllTests/AllTests.cpp">
			<Option target="AllTests" />
		</Unit>
		<Unit filename="cpputest/examples/AllTests/CircularBufferTest.cpp">
			<Option target="AllTests" />
		</Unit>
		<Unit filename="cpputest/examples/AllTests/EventDispatcherTest.cpp">
			<Option target="AllTests" />
		</Unit>
		<Unit filename="cpputest/examples/AllTests/HelloTest.cpp">
			<Option target="AllTests" />
		</Unit>
		<Unit filename="cpputest/examples/AllTests/MockDocumentationTest.cpp">
			<Option target="AllTests" />
		</Unit>
		<Unit filename="cpputest/examples/AllTests/PrinterTest.cpp">
			<Option target="AllTests" />
		</Unit>
		<Unit filename="cpputest/examples/ApplicationLib/AllTests.h">
			<Option target="ApplicationLib" />
		</Unit>
		<Unit filename="cpputest/examples/ApplicationLib/CircularBuffer.cpp">
			<Option target="ApplicationLib" />
		</Unit>
		<Unit filename="cpputest/examples/ApplicationLib/CircularBuffer.h">
			<Option target="ApplicationLib" />
		</Unit>
		<Unit filename="cpputest/examples/ApplicationLib/EventDispatcher.cpp">
			<Option target="ApplicationLib" />
		</Unit>
		<Unit filename="cpputest/examples/ApplicationLib/EventDispatcher.h">
			<Option target="ApplicationLib" />
		</Unit>
		<Unit filename="cpputest/examples/ApplicationLib/ExamplesNewOverrides.h">
			<Option target="ApplicationLib" />
		</Unit>
		<Unit filename="cpputest/examples/ApplicationLib/MockPrinter.h">
			<Option target="ApplicationLib" />
		</Unit>
		<Unit filename="cpputest/examples/ApplicationLib/Printer.cpp">
			<Option target="ApplicationLib" />
		</Unit>
		<Unit filename="cpputest/examples/ApplicationLib/Printer.h">
			<Option target="ApplicationLib" />
		</Unit>
		<Unit filename="cpputest/examples/ApplicationLib/hello.c">
			<Option compilerVar="CC" />
			<Option target="ApplicationLib" />
		</Unit>
		<Unit filename="cpputest/examples/ApplicationLib/hello.h">
			<Option target="ApplicationLib" />
		</Unit>
		<Unit filename="cpputest/include/CppUTestExt/CodeMemoryReportFormatter.h">
			<Option target="CppUTest" />
			<Option target="CppUTestExt" />
			<Option target="RunAllTestsExt" />
			<Option target="ApplicationLib" />
			<Option target="AllTests" />
			<Option target="CppUTest-gcov" />
			<Option target="CppUTestExt-gcov" />
			<Option target="RunAllTests-gcov" />
			<Option target="RunAllTestsExt-gcov" />
			<Option target="XRunAllTests" />
			<Option target="XCppUTest" />
			<Option target="XCppUTestExt" />
			<Option target="XRunAllTestsExt" />
		</Unit>
		<Unit filename="cpputest/include/CppUTestExt/GMock.h">
			<Option target="CppUTest" />
			<Option target="CppUTestExt" />
			<Option target="RunAllTestsExt" />
			<Option target="ApplicationLib" />
			<Option target="AllTests" />
			<Option target="CppUTest-gcov" />
			<Option target="CppUTestExt-gcov" />
			<Option target="RunAllTests-gcov" />
			<Option target="RunAllTestsExt-gcov" />
			<Option target="XRunAllTests" />
			<Option target="XCppUTest" />
			<Option target="XCppUTestExt" />
			<Option target="XRunAllTestsExt" />
		</Unit>
		<Unit filename="cpputest/include/CppUTestExt/GTestConvertor.h">
			<Option target="CppUTest" />
			<Option target="CppUTestExt" />
			<Option target="RunAllTestsExt" />
			<Option target="ApplicationLib" />
			<Option target="AllTests" />
			<Option target="CppUTest-gcov" />
			<Option target="CppUTestExt-gcov" />
			<Option target="RunAllTests-gcov" />
			<Option target="RunAllTestsExt-gcov" />
			<Option target="XRunAllTests" />
			<Option target="XCppUTest" />
			<Option target="XCppUTestExt" />
			<Option target="XRunAllTestsExt" />
		</Unit>
		<Unit filename="cpputest/include/CppUTestExt/MemoryReportAllocator.h">
			<Option target="CppUTest" />
			<Option target="CppUTestExt" />
			<Option target="RunAllTestsExt" />
			<Option target="ApplicationLib" />
			<Option target="AllTests" />
			<Option target="CppUTest-gcov" />
			<Option target="CppUTestExt-gcov" />
			<Option target="RunAllTests-gcov" />
			<Option target="RunAllTestsExt-gcov" />
			<Option target="XRunAllTests" />
			<Option target="XCppUTest" />
			<Option target="XCppUTestExt" />
			<Option target="XRunAllTestsExt" />
		</Unit>
		<Unit filename="cpputest/include/CppUTestExt/MemoryReportFormatter.h">
			<Option target="CppUTest" />
			<Option target="CppUTestExt" />
			<Option target="RunAllTestsExt" />
			<Option target="ApplicationLib" />
			<Option target="AllTests" />
			<Option target="CppUTest-gcov" />
			<Option target="CppUTestExt-gcov" />
			<Option target="RunAllTests-gcov" />
			<Option target="RunAllTestsExt-gcov" />
			<Option target="XRunAllTests" />
			<Option target="XCppUTest" />
			<Option target="XCppUTestExt" />
			<Option target="XRunAllTestsExt" />
		</Unit>
		<Unit filename="cpputest/include/CppUTestExt/MemoryReporterPlugin.h">
			<Option target="CppUTest" />
			<Option target="CppUTestExt" />
			<Option target="RunAllTestsExt" />
			<Option target="ApplicationLib" />
			<Option target="AllTests" />
			<Option target="CppUTest-gcov" />
			<Option target="CppUTestExt-gcov" />
			<Option target="RunAllTests-gcov" />
			<Option target="RunAllTestsExt-gcov" />
			<Option target="XRunAllTests" />
			<Option target="XCppUTest" />
			<Option target="XCppUTestExt" />
			<Option target="XRunAllTestsExt" />
		</Unit>
		<Unit filename="cpputest/include/CppUTestExt/MockActualCall.h">
			<Option target="CppUTest" />
			<Option target="CppUTestExt" />
			<Option target="RunAllTestsExt" />
			<Option target="ApplicationLib" />
			<Option target="AllTests" />
			<Option target="CppUTest-gcov" />
			<Option target="CppUTestExt-gcov" />
			<Option target="RunAllTests-gcov" />
			<Option target="RunAllTestsExt-gcov" />
			<Option target="XRunAllTests" />
			<Option target="XCppUTest" />
			<Option target="XCppUTestExt" />
			<Option target="XRunAllTestsExt" />
		</Unit>
		<Unit filename="cpputest/include/CppUTestExt/MockCheckedActualCall.h">
			<Option target="CppUTest" />
			<Option target="CppUTestExt" />
			<Option target="RunAllTestsExt" />
			<Option target="ApplicationLib" />
			<Option target="AllTests" />
			<Option target="CppUTest-gcov" />
			<Option target="CppUTestExt-gcov" />
			<Option target="RunAllTests-gcov" />
			<Option target="RunAllTestsExt-gcov" />
			<Option target="XRunAllTests" />
			<Option target="XCppUTest" />
			<Option target="XCppUTestExt" />
			<Option target="XRunAllTestsExt" />
		</Unit>
		<Unit filename="cpputest/include/CppUTestExt/MockCheckedExpectedCall.h">
			<Option target="CppUTest" />
			<Option target="CppUTestExt" />
			<Option target="RunAllTestsExt" />
			<Option target="ApplicationLib" />
			<Option target="AllTests" />
			<Option target="CppUTest-gcov" />
			<Option target="CppUTestExt-gcov" />
			<Option target="RunAllTests-gcov" />
			<Option target="RunAllTestsExt-gcov" />
			<Option target="XRunAllTests" />
			<Option target="XCppUTest" />
			<Option target="XCppUTestExt" />
			<Option target="XRunAllTestsExt" />
		</Unit>
		<Unit filename="cpputest/include/CppUTestExt/MockExpectedCall.h">
			<Option target="CppUTest" />
			<Option target="CppUTestExt" />
			<Option target="RunAllTestsExt" />
			<Option target="ApplicationLib" />
			<Option target="AllTests" />
			<Option target="CppUTest-gcov" />
			<Option target="CppUTestExt-gcov" />
			<Option target="RunAllTests-gcov" />
			<Option target="RunAllTestsExt-gcov" />
			<Option target="XRunAllTests" />
			<Option target="XCppUTest" />
			<Option target="XCppUTestExt" />
			<Option target="XRunAllTestsExt" />
		</Unit>
		<Unit filename="cpputest/include/CppUTestExt/MockExpectedCallsList.h">
			<Option target="CppUTest" />
			<Option target="CppUTestExt" />
			<Option target="RunAllTestsExt" />
			<Option target="ApplicationLib" />
			<Option target="AllTests" />
			<Option target="CppUTest-gcov" />
			<Option target="CppUTestExt-gcov" />
			<Option target="RunAllTests-gcov" />
			<Option target="RunAllTestsExt-gcov" />
			<Option target="XRunAllTests" />
			<Option target="XCppUTest" />
			<Option target="XCppUTestExt" />
			<Option target="XRunAllTestsExt" />
		</Unit>
		<Unit filename="cpputest/include/CppUTestExt/MockFailure.h">
			<Option target="CppUTest" />
			<Option target="CppUTestExt" />
			<Option target="RunAllTestsExt" />
			<Option target="ApplicationLib" />
			<Option target="AllTests" />
			<Option target="CppUTest-gcov" />
			<Option target="CppUTestExt-gcov" />
			<Option target="RunAllTests-gcov" />
			<Option target="RunAllTestsExt-gcov" />
			<Option target="XRunAllTests" />
			<Option target="XCppUTest" />
			<Option target="XCppUTestExt" />
			<Option target="XRunAllTestsExt" />
		</Unit>
		<Unit filename="cpputest/include/CppUTestExt/MockNamedValue.h">
			<Option target="CppUTest" />
			<Option target="CppUTestExt" />
			<Option target="RunAllTestsExt" />
			<Option target="ApplicationLib" />
			<Option target="AllTests" />
			<Option target="CppUTest-gcov" />
			<Option target="CppUTestExt-gcov" />
			<Option target="RunAllTests-gcov" />
			<Option target="RunAllTestsExt-gcov" />
			<Option target="XRunAllTests" />
			<Option target="XCppUTest" />
			<Option target="XCppUTestExt" />
			<Option target="XRunAllTestsExt" />
		</Unit>
		<Unit filename="cpputest/include/CppUTestExt/MockSupport.h">
			<Option target="CppUTest" />
			<Option target="CppUTestExt" />
			<Option target="RunAllTestsExt" />
			<Option target="ApplicationLib" />
			<Option target="AllTests" />
			<Option target="CppUTest-gcov" />
			<Option target="CppUTestExt-gcov" />
			<Option target="RunAllTests-gcov" />
			<Option target="RunAllTestsExt-gcov" />
			<Option target="XRunAllTests" />
			<Option target="XCppUTest" />
			<Option target="XCppUTestExt" />
			<Option target="XRunAllTestsExt" />
		</Unit>
		<Unit filename="cpputest/include/CppUTestExt/MockSupportPlugin.h">
			<Option target="CppUTest" />
			<Option target="CppUTestExt" />
			<Option target="RunAllTestsExt" />
			<Option target="ApplicationLib" />
			<Option target="AllTests" />
			<Option target="CppUTest-gcov" />
			<Option target="CppUTestExt-gcov" />
			<Option target="RunAllTests-gcov" />
			<Option target="RunAllTestsExt-gcov" />
			<Option target="XRunAllTests" />
			<Option target="XCppUTest" />
			<Option target="XCppUTestExt" />
			<Option target="XRunAllTestsExt" />
		</Unit>
		<Unit filename="cpputest/include/CppUTestExt/MockSupport_c.h">
			<Option target="CppUTest" />
			<Option target="CppUTestExt" />
			<Option target="RunAllTestsExt" />
			<Option target="ApplicationLib" />
			<Option target="AllTests" />
			<Option target="CppUTest-gcov" />
			<Option target="CppUTestExt-gcov" />
			<Option target="RunAllTests-gcov" />
			<Option target="RunAllTestsExt-gcov" />
			<Option target="XRunAllTests" />
			<Option target="XCppUTest" />
			<Option target="XCppUTestExt" />
			<Option target="XRunAllTestsExt" />
		</Unit>
		<Unit filename="cpputest/include/CppUTestExt/OrderedTest.h">
			<Option target="CppUTest" />
			<Option target="CppUTestExt" />
			<Option target="RunAllTestsExt" />
			<Option target="ApplicationLib" />
			<Option target="AllTests" />
			<Option target="CppUTest-gcov" />
			<Option target="CppUTestExt-gcov" />
			<Option target="RunAllTests-gcov" />
			<Option target="RunAllTestsExt-gcov" />
			<Option target="XRunAllTests" />
			<Option target="XCppUTest" />
			<Option target="XCppUTestExt" />
			<Option target="XRunAllTestsExt" />
		</Unit>
		<Unit filename="cpputest/include/CppUTest/CommandLineArguments.h">
			<Option target="CppUTest" />
			<Option target="CppUTestExt" />
			<Option target="RunAllTestsExt" />
			<Option target="ApplicationLib" />
			<Option target="AllTests" />
			<Option target="CppUTest-gcov" />
			<Option target="CppUTestExt-gcov" />
			<Option target="RunAllTests-gcov" />
			<Option target="RunAllTestsExt-gcov" />
			<Option target="XRunAllTests" />
			<Option target="XCppUTest" />
			<Option target="XCppUTestExt" />
			<Option target="XRunAllTestsExt" />
		</Unit>
		<Unit filename="cpputest/include/CppUTest/CommandLineTestRunner.h">
			<Option target="CppUTest" />
			<Option target="CppUTestExt" />
			<Option target="RunAllTestsExt" />
			<Option target="ApplicationLib" />
			<Option target="AllTests" />
			<Option target="CppUTest-gcov" />
			<Option target="CppUTestExt-gcov" />
			<Option target="RunAllTests-gcov" />
			<Option target="RunAllTestsExt-gcov" />
			<Option target="XRunAllTests" />
			<Option target="XCppUTest" />
			<Option target="XCppUTestExt" />
			<Option target="XRunAllTestsExt" />
		</Unit>
		<Unit filename="cpputest/include/CppUTest/CppUTestConfig.h">
			<Option target="CppUTest" />
			<Option target="CppUTestExt" />
			<Option target="RunAllTestsExt" />
			<Option target="ApplicationLib" />
			<Option target="AllTests" />
			<Option target="CppUTest-gcov" />
			<Option target="CppUTestExt-gcov" />
			<Option target="RunAllTests-gcov" />
			<Option target="RunAllTestsExt-gcov" />
			<Option target="XRunAllTests" />
			<Option target="XCppUTest" />
			<Option target="XCppUTestExt" />
			<Option target="XRunAllTestsExt" />
		</Unit>
		<Unit filename="cpputest/include/CppUTest/JUnitTestOutput.h">
			<Option target="CppUTest" />
			<Option target="CppUTestExt" />
			<Option target="RunAllTestsExt" />
			<Option target="ApplicationLib" />
			<Option target="AllTests" />
			<Option target="CppUTest-gcov" />
			<Option target="CppUTestExt-gcov" />
			<Option target="RunAllTests-gcov" />
			<Option target="RunAllTestsExt-gcov" />
			<Option target="XRunAllTests" />
			<Option target="XCppUTest" />
			<Option target="XCppUTestExt" />
			<Option target="XRunAllTestsExt" />
		</Unit>
		<Unit filename="cpputest/include/CppUTest/MemoryLeakDetector.h">
			<Option target="CppUTest" />
			<Option target="CppUTestExt" />
			<Option target="RunAllTestsExt" />
			<Option target="ApplicationLib" />
			<Option target="AllTests" />
			<Option target="CppUTest-gcov" />
			<Option target="CppUTestExt-gcov" />
			<Option target="RunAllTests-gcov" />
			<Option target="RunAllTestsExt-gcov" />
			<Option target="XRunAllTests" />
			<Option target="XCppUTest" />
			<Option target="XCppUTestExt" />
			<Option target="XRunAllTestsExt" />
		</Unit>
		<Unit filename="cpputest/include/CppUTest/MemoryLeakDetectorMallocMacros.h">
			<Option target="CppUTest" />
			<Option target="CppUTestExt" />
			<Option target="RunAllTestsExt" />
			<Option target="ApplicationLib" />
			<Option target="AllTests" />
			<Option target="CppUTest-gcov" />
			<Option target="CppUTestExt-gcov" />
			<Option target="RunAllTests-gcov" />
			<Option target="RunAllTestsExt-gcov" />
			<Option target="XRunAllTests" />
			<Option target="XCppUTest" />
			<Option target="XCppUTestExt" />
			<Option target="XRunAllTestsExt" />
		</Unit>
		<Unit filename="cpputest/include/CppUTest/MemoryLeakDetectorNewMacros.h">
			<Option target="CppUTest" />
			<Option target="CppUTestExt" />
			<Option target="RunAllTestsExt" />
			<Option target="ApplicationLib" />
			<Option target="AllTests" />
			<Option target="CppUTest-gcov" />
			<Option target="CppUTestExt-gcov" />
			<Option target="RunAllTests-gcov" />
			<Option target="RunAllTestsExt-gcov" />
			<Option target="XRunAllTests" />
			<Option target="XCppUTest" />
			<Option target="XCppUTestExt" />
			<Option target="XRunAllTestsExt" />
		</Unit>
		<Unit filename="cpputest/include/CppUTest/MemoryLeakWarningPlugin.h">
			<Option target="CppUTest" />
			<Option target="CppUTestExt" />
			<Option target="RunAllTestsExt" />
			<Option target="ApplicationLib" />
			<Option target="AllTests" />
			<Option target="CppUTest-gcov" />
			<Option target="CppUTestExt-gcov" />
			<Option target="RunAllTests-gcov" />
			<Option target="RunAllTestsExt-gcov" />
			<Option target="XRunAllTests" />
			<Option target="XCppUTest" />
			<Option target="XCppUTestExt" />
			<Option target="XRunAllTestsExt" />
		</Unit>
		<Unit filename="cpputest/include/CppUTest/PlatformSpecificFunctions.h">
			<Option target="CppUTest" />
			<Option target="CppUTestExt" />
			<Option target="RunAllTestsExt" />
			<Option target="ApplicationLib" />
			<Option target="AllTests" />
			<Option target="CppUTest-gcov" />
			<Option target="CppUTestExt-gcov" />
			<Option target="RunAllTests-gcov" />
			<Option target="RunAllTestsExt-gcov" />
			<Option target="XRunAllTests" />
			<Option target="XCppUTest" />
			<Option target="XCppUTestExt" />
			<Option target="XRunAllTestsExt" />
		</Unit>
		<Unit filename="cpputest/include/CppUTest/PlatformSpecificFunctions_c.h">
			<Option target="CppUTest" />
			<Option target="CppUTestExt" />
			<Option target="RunAllTestsExt" />
			<Option target="ApplicationLib" />
			<Option target="AllTests" />
			<Option target="CppUTest-gcov" />
			<Option target="CppUTestExt-gcov" />
			<Option target="RunAllTests-gcov" />
			<Option target="RunAllTestsExt-gcov" />
			<Option target="XRunAllTests" />
			<Option target="XCppUTest" />
			<Option target="XCppUTestExt" />
			<Option target="XRunAllTestsExt" />
		</Unit>
		<Unit filename="cpputest/include/CppUTest/SimpleMutex.h">
			<Option target="CppUTest" />
			<Option target="CppUTestExt" />
			<Option target="RunAllTestsExt" />
			<Option target="ApplicationLib" />
			<Option target="AllTests" />
			<Option target="CppUTest-gcov" />
			<Option target="CppUTestExt-gcov" />
			<Option target="RunAllTests-gcov" />
			<Option target="RunAllTestsExt-gcov" />
			<Option target="XRunAllTests" />
			<Option target="XCppUTest" />
			<Option target="XCppUTestExt" />
			<Option target="XRunAllTestsExt" />
		</Unit>
		<Unit filename="cpputest/include/CppUTest/SimpleString.h">
			<Option target="CppUTest" />
			<Option target="CppUTestExt" />
			<Option target="RunAllTestsExt" />
			<Option target="ApplicationLib" />
			<Option target="AllTests" />
			<Option target="CppUTest-gcov" />
			<Option target="CppUTestExt-gcov" />
			<Option target="RunAllTests-gcov" />
			<Option target="RunAllTestsExt-gcov" />
			<Option target="XRunAllTests" />
			<Option target="XCppUTest" />
			<Option target="XCppUTestExt" />
			<Option target="XRunAllTestsExt" />
		</Unit>
		<Unit filename="cpputest/include/CppUTest/StandardCLibrary.h">
			<Option target="CppUTest" />
			<Option target="CppUTestExt" />
			<Option target="RunAllTestsExt" />
			<Option target="ApplicationLib" />
			<Option target="AllTests" />
			<Option target="CppUTest-gcov" />
			<Option target="CppUTestExt-gcov" />
			<Option target="RunAllTests-gcov" />
			<Option target="RunAllTestsExt-gcov" />
			<Option target="XRunAllTests" />
			<Option target="XCppUTest" />
			<Option target="XCppUTestExt" />
			<Option target="XRunAllTestsExt" />
		</Unit>
		<Unit filename="cpputest/include/CppUTest/TestFailure.h">
			<Option target="CppUTest" />
			<Option target="CppUTestExt" />
			<Option target="RunAllTestsExt" />
			<Option target="ApplicationLib" />
			<Option target="AllTests" />
			<Option target="CppUTest-gcov" />
			<Option target="CppUTestExt-gcov" />
			<Option target="RunAllTests-gcov" />
			<Option target="RunAllTestsExt-gcov" />
			<Option target="XRunAllTests" />
			<Option target="XCppUTest" />
			<Option target="XCppUTestExt" />
			<Option target="XRunAllTestsExt" />
		</Unit>
		<Unit filename="cpputest/include/CppUTest/TestFilter.h">
			<Option target="CppUTest" />
			<Option target="CppUTestExt" />
			<Option target="RunAllTestsExt" />
			<Option target="ApplicationLib" />
			<Option target="AllTests" />
			<Option target="CppUTest-gcov" />
			<Option target="CppUTestExt-gcov" />
			<Option target="RunAllTests-gcov" />
			<Option target="RunAllTestsExt-gcov" />
			<Option target="XRunAllTests" />
			<Option target="XCppUTest" />
			<Option target="XCppUTestExt" />
			<Option target="XRunAllTestsExt" />
		</Unit>
		<Unit filename="cpputest/include/CppUTest/TestHarness.h">
			<Option target="CppUTest" />
			<Option target="CppUTestExt" />
			<Option target="RunAllTestsExt" />
			<Option target="ApplicationLib" />
			<Option target="AllTests" />
			<Option target="CppUTest-gcov" />
			<Option target="CppUTestExt-gcov" />
			<Option target="RunAllTests-gcov" />
			<Option target="RunAllTestsExt-gcov" />
			<Option target="XRunAllTests" />
			<Option target="XCppUTest" />
			<Option target="XCppUTestExt" />
			<Option target="XRunAllTestsExt" />
		</Unit>
		<Unit filename="cpputest/include/CppUTest/TestHarness_c.h">
			<Option target="CppUTest" />
			<Option target="CppUTestExt" />
			<Option target="RunAllTestsExt" />
			<Option target="ApplicationLib" />
			<Option target="AllTests" />
			<Option target="CppUTest-gcov" />
			<Option target="CppUTestExt-gcov" />
			<Option target="RunAllTests-gcov" />
			<Option target="RunAllTestsExt-gcov" />
			<Option target="XRunAllTests" />
			<Option target="XCppUTest" />
			<Option target="XCppUTestExt" />
			<Option target="XRunAllTestsExt" />
		</Unit>
		<Unit filename="cpputest/include/CppUTest/TestMemoryAllocator.h">
			<Option target="CppUTest" />
			<Option target="CppUTestExt" />
			<Option target="RunAllTestsExt" />
			<Option target="ApplicationLib" />
			<Option target="AllTests" />
			<Option target="CppUTest-gcov" />
			<Option target="CppUTestExt-gcov" />
			<Option target="RunAllTests-gcov" />
			<Option target="RunAllTestsExt-gcov" />
			<Option target="XRunAllTests" />
			<Option target="XCppUTest" />
			<Option target="XCppUTestExt" />
			<Option target="XRunAllTestsExt" />
		</Unit>
		<Unit filename="cpputest/include/CppUTest/TestOutput.h">
			<Option target="CppUTest" />
			<Option target="CppUTestExt" />
			<Option target="RunAllTestsExt" />
			<Option target="ApplicationLib" />
			<Option target="AllTests" />
			<Option target="CppUTest-gcov" />
			<Option target="CppUTestExt-gcov" />
			<Option target="RunAllTests-gcov" />
			<Option target="RunAllTestsExt-gcov" />
			<Option target="XRunAllTests" />
			<Option target="XCppUTest" />
			<Option target="XCppUTestExt" />
			<Option target="XRunAllTestsExt" />
		</Unit>
		<Unit filename="cpputest/include/CppUTest/TestPlugin.h">
			<Option target="CppUTest" />
			<Option target="CppUTestExt" />
			<Option target="RunAllTestsExt" />
			<Option target="ApplicationLib" />
			<Option target="AllTests" />
			<Option target="CppUTest-gcov" />
			<Option target="CppUTestExt-gcov" />
			<Option target="RunAllTests-gcov" />
			<Option target="RunAllTestsExt-gcov" />
			<Option target="XRunAllTests" />
			<Option target="XCppUTest" />
			<Option target="XCppUTestExt" />
			<Option target="XRunAllTestsExt" />
		</Unit>
		<Unit filename="cpputest/include/CppUTest/TestRegistry.h">
			<Option target="CppUTest" />
			<Option target="CppUTestExt" />
			<Option target="RunAllTestsExt" />
			<Option target="ApplicationLib" />
			<Option target="AllTests" />
			<Option target="CppUTest-gcov" />
			<Option target="CppUTestExt-gcov" />
			<Option target="RunAllTests-gcov" />
			<Option target="RunAllTestsExt-gcov" />
			<Option target="XRunAllTests" />
			<Option target="XCppUTest" />
			<Option target="XCppUTestExt" />
			<Option target="XRunAllTestsExt" />
		</Unit>
		<Unit filename="cpputest/include/CppUTest/TestResult.h">
			<Option target="CppUTest" />
			<Option target="CppUTestExt" />
			<Option target="RunAllTestsExt" />
			<Option target="ApplicationLib" />
			<Option target="AllTests" />
			<Option target="CppUTest-gcov" />
			<Option target="CppUTestExt-gcov" />
			<Option target="RunAllTests-gcov" />
			<Option target="RunAllTestsExt-gcov" />
			<Option target="XRunAllTests" />
			<Option target="XCppUTest" />
			<Option target="XCppUTestExt" />
			<Option target="XRunAllTestsExt" />
		</Unit>
		<Unit filename="cpputest/include/CppUTest/TestTestingFixture.h">
			<Option target="CppUTest" />
			<Option target="CppUTestExt" />
			<Option target="RunAllTestsExt" />
			<Option target="ApplicationLib" />
			<Option target="AllTests" />
			<Option target="CppUTest-gcov" />
			<Option target="CppUTestExt-gcov" />
			<Option target="RunAllTests-gcov" />
			<Option target="RunAllTestsExt-gcov" />
			<Option target="XRunAllTests" />
			<Option target="XCppUTest" />
			<Option target="XCppUTestExt" />
			<Option target="XRunAllTestsExt" />
		</Unit>
		<Unit filename="cpputest/include/CppUTest/Utest.h">
			<Option target="CppUTest" />
			<Option target="CppUTestExt" />
			<Option target="RunAllTestsExt" />
			<Option target="ApplicationLib" />
			<Option target="AllTests" />
			<Option target="CppUTest-gcov" />
			<Option target="CppUTestExt-gcov" />
			<Option target="RunAllTests-gcov" />
			<Option target="RunAllTestsExt-gcov" />
			<Option target="XRunAllTests" />
			<Option target="XCppUTest" />
			<Option target="XCppUTestExt" />
			<Option target="XRunAllTestsExt" />
		</Unit>
		<Unit filename="cpputest/include/CppUTest/UtestMacros.h">
			<Option target="CppUTest" />
			<Option target="CppUTestExt" />
			<Option target="RunAllTestsExt" />
			<Option target="ApplicationLib" />
			<Option target="AllTests" />
			<Option target="CppUTest-gcov" />
			<Option target="CppUTestExt-gcov" />
			<Option target="RunAllTests-gcov" />
			<Option target="RunAllTestsExt-gcov" />
			<Option target="XRunAllTests" />
			<Option target="XCppUTest" />
			<Option target="XCppUTestExt" />
			<Option target="XRunAllTestsExt" />
		</Unit>
		<Unit filename="cpputest/include/Platforms/Gcc/Platform.h">
			<Option target="CppUTest" />
			<Option target="CppUTestExt" />
			<Option target="RunAllTestsExt" />
			<Option target="ApplicationLib" />
			<Option target="AllTests" />
			<Option target="CppUTest-gcov" />
			<Option target="CppUTestExt-gcov" />
			<Option target="RunAllTests-gcov" />
			<Option target="RunAllTestsExt-gcov" />
			<Option target="XRunAllTests" />
			<Option target="XCppUTest" />
			<Option target="XCppUTestExt" />
			<Option target="XRunAllTestsExt" />
		</Unit>
		<Unit filename="cpputest/include/Platforms/Symbian/Platform.h">
			<Option target="CppUTest" />
			<Option target="CppUTestExt" />
			<Option target="RunAllTestsExt" />
			<Option target="ApplicationLib" />
			<Option target="AllTests" />
			<Option target="CppUTest-gcov" />
			<Option target="CppUTestExt-gcov" />
			<Option target="RunAllTests-gcov" />
			<Option target="RunAllTestsExt-gcov" />
			<Option target="XRunAllTests" />
			<Option target="XCppUTest" />
			<Option target="XCppUTestExt" />
			<Option target="XRunAllTestsExt" />
		</Unit>
		<Unit filename="cpputest/include/Platforms/VisualCpp/Platform.h">
			<Option target="CppUTest" />
			<Option target="CppUTestExt" />
			<Option target="RunAllTestsExt" />
			<Option target="ApplicationLib" />
			<Option target="AllTests" />
			<Option target="CppUTest-gcov" />
			<Option target="CppUTestExt-gcov" />
			<Option target="RunAllTests-gcov" />
			<Option target="RunAllTestsExt-gcov" />
			<Option target="XRunAllTests" />
			<Option target="XCppUTest" />
			<Option target="XCppUTestExt" />
			<Option target="XRunAllTestsExt" />
		</Unit>
		<Unit filename="cpputest/include/Platforms/VisualCpp/stdint.h">
			<Option target="CppUTest" />
			<Option target="CppUTestExt" />
			<Option target="RunAllTestsExt" />
			<Option target="ApplicationLib" />
			<Option target="AllTests" />
			<Option target="CppUTest-gcov" />
			<Option target="CppUTestExt-gcov" />
			<Option target="RunAllTests-gcov" />
			<Option target="RunAllTestsExt-gcov" />
			<Option target="XRunAllTests" />
			<Option target="XCppUTest" />
			<Option target="XCppUTestExt" />
			<Option target="XRunAllTestsExt" />
		</Unit>
		<Unit filename="cpputest/include/Platforms/c2000/Platform.h">
			<Option target="CppUTest" />
			<Option target="CppUTestExt" />
			<Option target="RunAllTestsExt" />
			<Option target="ApplicationLib" />
			<Option target="AllTests" />
			<Option target="CppUTest-gcov" />
			<Option target="CppUTestExt-gcov" />
			<Option target="RunAllTests-gcov" />
			<Option target="RunAllTestsExt-gcov" />
			<Option target="XRunAllTests" />
			<Option target="XCppUTest" />
			<Option target="XCppUTestExt" />
			<Option target="XRunAllTestsExt" />
		</Unit>
		<Unit filename="cpputest/include/Platforms/c2000/stdint.h">
			<Option target="CppUTest" />
			<Option target="CppUTestExt" />
			<Option target="RunAllTestsExt" />
			<Option target="ApplicationLib" />
			<Option target="AllTests" />
			<Option target="CppUTest-gcov" />
			<Option target="CppUTestExt-gcov" />
			<Option target="RunAllTests-gcov" />
			<Option target="RunAllTestsExt-gcov" />
			<Option target="XRunAllTests" />
			<Option target="XCppUTest" />
			<Option target="XCppUTestExt" />
			<Option target="XRunAllTestsExt" />
		</Unit>
		<Unit filename="cpputest/src/CppUTestExt/CodeMemoryReportFormatter.cpp">
			<Option target="CppUTestExt" />
			<Option target="RunAllTestsExt" />
			<Option target="CppUTestExt-gcov" />
			<Option target="XCppUTestExt" />
			<Option target="XRunAllTestsExt" />
		</Unit>
		<Unit filename="cpputest/src/CppUTestExt/MemoryReportAllocator.cpp">
			<Option target="CppUTestExt" />
			<Option target="RunAllTestsExt" />
			<Option target="CppUTestExt-gcov" />
			<Option target="XCppUTestExt" />
			<Option target="XRunAllTestsExt" />
		</Unit>
		<Unit filename="cpputest/src/CppUTestExt/MemoryReportFormatter.cpp">
			<Option target="CppUTestExt" />
			<Option target="RunAllTestsExt" />
			<Option target="CppUTestExt-gcov" />
			<Option target="XCppUTestExt" />
			<Option target="XRunAllTestsExt" />
		</Unit>
		<Unit filename="cpputest/src/CppUTestExt/MemoryReporterPlugin.cpp">
			<Option target="CppUTestExt" />
			<Option target="RunAllTestsExt" />
			<Option target="CppUTestExt-gcov" />
			<Option target="XCppUTestExt" />
			<Option target="XRunAllTestsExt" />
		</Unit>
		<Unit filename="cpputest/src/CppUTestExt/MockActualCall.cpp">
			<Option target="CppUTestExt" />
			<Option target="RunAllTestsExt" />
			<Option target="AllTests" />
			<Option target="CppUTestExt-gcov" />
			<Option target="ApplicationLib" />
			<Option target="XCppUTestExt" />
			<Option target="XRunAllTestsExt" />
		</Unit>
		<Unit filename="cpputest/src/CppUTestExt/MockExpectedCall.cpp">
			<Option target="CppUTestExt" />
			<Option target="RunAllTestsExt" />
			<Option target="AllTests" />
			<Option target="CppUTestExt-gcov" />
			<Option target="ApplicationLib" />
			<Option target="XCppUTestExt" />
			<Option target="XRunAllTestsExt" />
		</Unit>
		<Unit filename="cpputest/src/CppUTestExt/MockExpectedCallsList.cpp">
			<Option target="CppUTestExt" />
			<Option target="RunAllTestsExt" />
			<Option target="CppUTestExt-gcov" />
			<Option target="XCppUTestExt" />
			<Option target="XRunAllTestsExt" />
		</Unit>
		<Unit filename="cpputest/src/CppUTestExt/MockFailure.cpp">
			<Option target="CppUTestExt" />
			<Option target="RunAllTestsExt" />
			<Option target="CppUTestExt-gcov" />
			<Option target="XCppUTestExt" />
			<Option target="XRunAllTestsExt" />
		</Unit>
		<Unit filename="cpputest/src/CppUTestExt/MockNamedValue.cpp">
			<Option target="CppUTestExt" />
			<Option target="RunAllTestsExt" />
			<Option target="CppUTestExt-gcov" />
			<Option target="XCppUTestExt" />
			<Option target="XRunAllTestsExt" />
		</Unit>
		<Unit filename="cpputest/src/CppUTestExt/MockSupport.cpp">
			<Option target="CppUTestExt" />
			<Option target="RunAllTestsExt" />
			<Option target="CppUTestExt-gcov" />
			<Option target="XCppUTestExt" />
			<Option target="XRunAllTestsExt" />
		</Unit>
		<Unit filename="cpputest/src/CppUTestExt/MockSupportPlugin.cpp">
			<Option target="CppUTestExt" />
			<Option target="RunAllTestsExt" />
			<Option target="CppUTestExt-gcov" />
			<Option target="XCppUTestExt" />
			<Option target="XRunAllTestsExt" />
		</Unit>
		<Unit filename="cpputest/src/CppUTestExt/MockSupport_c.cpp">
			<Option target="CppUTestExt" />
			<Option target="RunAllTestsExt" />
			<Option target="CppUTestExt-gcov" />
			<Option target="XCppUTestExt" />
			<Option target="XRunAllTestsExt" />
		</Unit>
		<Unit filename="cpputest/src/CppUTestExt/OrderedTest.cpp">
			<Option target="CppUTestExt" />
			<Option target="RunAllTestsExt" />
			<Option target="CppUTestExt-gcov" />
			<Option target="XCppUTestExt" />
			<Option target="XRunAllTestsExt" />
		</Unit>
		<Unit filename="cpputest/src/CppUTest/CommandLineArguments.cpp">
			<Option target="CppUTest" />
			<Option target="CppUTest-gcov" />
			<Option target="XRunAllTests" />
			<Option target="XCppUTest" />
		</Unit>
		<Unit filename="cpputest/src/CppUTest/CommandLineTestRunner.cpp">
			<Option target="CppUTest" />
			<Option target="CppUTest-gcov" />
			<Option target="XRunAllTests" />
			<Option target="XCppUTest" />
		</Unit>
		<Unit filename="cpputest/src/CppUTest/JUnitTestOutput.cpp">
			<Option target="CppUTest" />
			<Option target="CppUTest-gcov" />
			<Option target="XRunAllTests" />
			<Option target="XCppUTest" />
		</Unit>
		<Unit filename="cpputest/src/CppUTest/MemoryLeakDetector.cpp">
			<Option target="CppUTest" />
			<Option target="CppUTest-gcov" />
			<Option target="XRunAllTests" />
			<Option target="XCppUTest" />
		</Unit>
		<Unit filename="cpputest/src/CppUTest/MemoryLeakWarningPlugin.cpp">
			<Option target="CppUTest" />
			<Option target="CppUTest-gcov" />
			<Option target="XRunAllTests" />
			<Option target="XCppUTest" />
		</Unit>
		<Unit filename="cpputest/src/CppUTest/SimpleMutex.cpp">
			<Option target="CppUTest" />
			<Option target="CppUTest-gcov" />
			<Option target="XRunAllTests" />
			<Option target="XCppUTest" />
		</Unit>
		<Unit filename="cpputest/src/CppUTest/SimpleString.cpp">
			<Option target="CppUTest" />
			<Option target="CppUTest-gcov" />
			<Option target="XRunAllTests" />
			<Option target="XCppUTest" />
		</Unit>
		<Unit filename="cpputest/src/CppUTest/TestFailure.cpp">
			<Option target="CppUTest" />
			<Option target="CppUTest-gcov" />
			<Option target="XRunAllTests" />
			<Option target="XCppUTest" />
		</Unit>
		<Unit filename="cpputest/src/CppUTest/TestFilter.cpp">
			<Option target="CppUTest" />
			<Option target="CppUTest-gcov" />
			<Option target="XRunAllTests" />
			<Option target="XCppUTest" />
		</Unit>
		<Unit filename="cpputest/src/CppUTest/TestHarness_c.cpp">
			<Option target="CppUTest" />
			<Option target="CppUTest-gcov" />
			<Option target="XRunAllTests" />
			<Option target="XCppUTest" />
		</Unit>
		<Unit filename="cpputest/src/CppUTest/TestMemoryAllocator.cpp">
			<Option target="CppUTest" />
			<Option target="CppUTest-gcov" />
			<Option target="XRunAllTests" />
			<Option target="XCppUTest" />
		</Unit>
		<Unit filename="cpputest/src/CppUTest/TestOutput.cpp">
			<Option target="CppUTest" />
			<Option target="CppUTest-gcov" />
			<Option target="XRunAllTests" />
			<Option target="XCppUTest" />
		</Unit>
		<Unit filename="cpputest/src/CppUTest/TestPlugin.cpp">
			<Option target="CppUTest" />
			<Option target="CppUTest-gcov" />
			<Option target="XRunAllTests" />
			<Option target="XCppUTest" />
		</Unit>
		<Unit filename="cpputest/src/CppUTest/TestRegistry.cpp">
			<Option target="CppUTest" />
			<Option target="CppUTest-gcov" />
			<Option target="XRunAllTests" />
			<Option target="XCppUTest" />
		</Unit>
		<Unit filename="cpputest/src/CppUTest/TestResult.cpp">
			<Option target="CppUTest" />
			<Option target="CppUTest-gcov" />
			<Option target="XRunAllTests" />
			<Option target="XCppUTest" />
		</Unit>
		<Unit filename="cpputest/src/CppUTest/Utest.cpp">
			<Option target="CppUTest" />
			<Option target="CppUTest-gcov" />
			<Option target="XRunAllTests" />
			<Option target="XCppUTest" />
		</Unit>
		<Unit filename="cpputest/src/Platforms/C2000/UtestPlatform.cpp">
			<Option compile="0" />
			<Option link="0" />
			<Option target="CppUTest" />
			<Option target="CppUTest-gcov" />
			<Option target="XCppUTest" />
		</Unit>
		<Unit filename="cpputest/src/Platforms/GccNoStdC/UtestPlatform.cpp">
			<Option link="0" />
			<Option target="CppUTest" />
			<Option target="CppUTest-gcov" />
			<Option target="XCppUTest" />
		</Unit>
		<Unit filename="cpputest/src/Platforms/Gcc/UtestPlatform.cpp">
			<Option target="CppUTest" />
			<Option target="CppUTest-gcov" />
			<Option target="XRunAllTests" />
			<Option target="XCppUTest" />
		</Unit>
		<Unit filename="cpputest/src/Platforms/Iar/UtestPlatform.cpp">
			<Option compile="0" />
			<Option link="0" />
			<Option target="CppUTest" />
			<Option target="CppUTest-gcov" />
			<Option target="XCppUTest" />
		</Unit>
		<Unit filename="cpputest/src/Platforms/Symbian/SymbianMemoryLeakWarning.cpp">
			<Option compile="0" />
			<Option link="0" />
			<Option target="CppUTest" />
			<Option target="CppUTest-gcov" />
			<Option target="XCppUTest" />
		</Unit>
		<Unit filename="cpputest/src/Platforms/Symbian/UtestPlatform.cpp">
			<Option compile="0" />
			<Option link="0" />
			<Option target="CppUTest" />
			<Option target="CppUTest-gcov" />
			<Option target="XCppUTest" />
		</Unit>
		<Unit filename="cpputest/src/Platforms/VisualCpp/UtestPlatform.cpp">
			<Option compile="0" />
			<Option link="0" />
			<Option target="CppUTest" />
			<Option target="CppUTest-gcov" />
			<Option target="XCppUTest" />
		</Unit>
		<Unit filename="cpputest/src/Platforms/armcc/UtestPlatform.cpp">
			<Option compile="0" />
			<Option link="0" />
			<Option target="CppUTest" />
			<Option target="CppUTest-gcov" />
			<Option target="XCppUTest" />
		</Unit>
		<Unit filename="cpputest/tests/AllTests.cpp">
			<Option target="RunAllTests" />
			<Option target="RunAllTests-gcov" />
			<Option target="XRunAllTests" />
		</Unit>
		<Unit filename="cpputest/tests/AllTests.h" />
		<Unit filename="cpputest/tests/AllocLetTestFree.c">
			<Option compilerVar="CC" />
			<Option target="RunAllTests" />
			<Option target="RunAllTests-gcov" />
			<Option target="XRunAllTests" />
		</Unit>
		<Unit filename="cpputest/tests/AllocLetTestFree.h" />
		<Unit filename="cpputest/tests/AllocLetTestFreeTest.cpp">
			<Option target="RunAllTests" />
			<Option target="RunAllTests-gcov" />
			<Option target="XRunAllTests" />
		</Unit>
		<Unit filename="cpputest/tests/AllocationInCFile.c">
			<Option compilerVar="CC" />
			<Option target="RunAllTests" />
			<Option target="RunAllTests-gcov" />
			<Option target="XRunAllTests" />
		</Unit>
		<Unit filename="cpputest/tests/AllocationInCFile.h" />
		<Unit filename="cpputest/tests/AllocationInCppFile.cpp">
			<Option target="RunAllTests" />
			<Option target="RunAllTests-gcov" />
			<Option target="XRunAllTests" />
		</Unit>
		<Unit filename="cpputest/tests/AllocationInCppFile.h" />
		<Unit filename="cpputest/tests/CheatSheetTest.cpp">
			<Option target="RunAllTests" />
			<Option target="RunAllTests-gcov" />
			<Option target="XRunAllTests" />
		</Unit>
		<Unit filename="cpputest/tests/CommandLineArgumentsTest.cpp">
			<Option target="RunAllTests" />
			<Option target="RunAllTests-gcov" />
			<Option target="XRunAllTests" />
		</Unit>
		<Unit filename="cpputest/tests/CommandLineTestRunnerTest.cpp">
			<Option target="RunAllTests" />
			<Option target="RunAllTests-gcov" />
			<Option target="XRunAllTests" />
		</Unit>
		<Unit filename="cpputest/tests/CppUTestExt/AllTests.cpp">
			<Option target="RunAllTestsExt" />
			<Option target="RunAllTestsExt-gcov" />
			<Option target="XRunAllTestsExt" />
		</Unit>
		<Unit filename="cpputest/tests/CppUTestExt/CodeMemoryReportFormatterTest.cpp">
			<Option target="RunAllTestsExt" />
			<Option target="RunAllTestsExt-gcov" />
			<Option target="XRunAllTestsExt" />
		</Unit>
		<Unit filename="cpputest/tests/CppUTestExt/GMockTest.cpp">
			<Option target="RunAllTestsExt" />
			<Option target="RunAllTestsExt-gcov" />
			<Option target="XRunAllTestsExt" />
		</Unit>
		<Unit filename="cpputest/tests/CppUTestExt/GTest1Test.cpp">
			<Option target="RunAllTestsExt" />
			<Option target="RunAllTestsExt-gcov" />
			<Option target="XRunAllTestsExt" />
		</Unit>
		<Unit filename="cpputest/tests/CppUTestExt/GTest2ConvertorTest.cpp">
			<Option target="RunAllTestsExt" />
			<Option target="RunAllTestsExt-gcov" />
			<Option target="XRunAllTestsExt" />
		</Unit>
		<Unit filename="cpputest/tests/CppUTestExt/MemoryReportAllocatorTest.cpp">
			<Option target="RunAllTestsExt" />
			<Option target="RunAllTestsExt-gcov" />
			<Option target="XRunAllTestsExt" />
		</Unit>
		<Unit filename="cpputest/tests/CppUTestExt/MemoryReportFormatterTest.cpp">
			<Option target="RunAllTestsExt" />
			<Option target="RunAllTestsExt-gcov" />
			<Option target="XRunAllTestsExt" />
		</Unit>
		<Unit filename="cpputest/tests/CppUTestExt/MemoryReporterPluginTest.cpp">
			<Option target="RunAllTestsExt" />
			<Option target="RunAllTestsExt-gcov" />
			<Option target="XRunAllTestsExt" />
		</Unit>
		<Unit filename="cpputest/tests/CppUTestExt/MockActualCallTest.cpp">
			<Option target="RunAllTestsExt" />
			<Option target="RunAllTestsExt-gcov" />
			<Option target="XRunAllTestsExt" />
		</Unit>
		<Unit filename="cpputest/tests/CppUTestExt/MockCheatSheetTest.cpp">
			<Option target="RunAllTestsExt" />
			<Option target="RunAllTestsExt-gcov" />
			<Option target="XRunAllTestsExt" />
		</Unit>
		<Unit filename="cpputest/tests/CppUTestExt/MockExpectedCallTest.cpp">
			<Option target="RunAllTestsExt" />
			<Option target="RunAllTestsExt-gcov" />
			<Option target="XRunAllTestsExt" />
		</Unit>
		<Unit filename="cpputest/tests/CppUTestExt/MockExpectedFunctionsListTest.cpp">
			<Option target="RunAllTestsExt" />
			<Option target="RunAllTestsExt-gcov" />
			<Option target="XRunAllTestsExt" />
		</Unit>
		<Unit filename="cpputest/tests/CppUTestExt/MockFailureTest.cpp">
			<Option target="RunAllTestsExt" />
			<Option target="RunAllTestsExt-gcov" />
			<Option target="XRunAllTestsExt" />
		</Unit>
		<Unit filename="cpputest/tests/CppUTestExt/MockFailureTest.h">
			<Option target="CppUTest" />
			<Option target="CppUTestExt" />
			<Option target="RunAllTestsExt" />
			<Option target="ApplicationLib" />
			<Option target="AllTests" />
			<Option target="CppUTest-gcov" />
			<Option target="CppUTestExt-gcov" />
			<Option target="RunAllTests-gcov" />
			<Option target="RunAllTestsExt-gcov" />
			<Option target="XRunAllTests" />
			<Option target="XCppUTest" />
			<Option target="XCppUTestExt" />
			<Option target="XRunAllTestsExt" />
		</Unit>
		<Unit filename="cpputest/tests/CppUTestExt/MockPluginTest.cpp">
			<Option target="RunAllTestsExt" />
			<Option target="RunAllTestsExt-gcov" />
			<Option target="XRunAllTestsExt" />
		</Unit>
		<Unit filename="cpputest/tests/CppUTestExt/MockSupportTest.cpp">
			<Option target="RunAllTestsExt" />
			<Option target="RunAllTestsExt-gcov" />
			<Option target="XRunAllTestsExt" />
		</Unit>
		<Unit filename="cpputest/tests/CppUTestExt/MockSupport_cTest.cpp">
			<Option target="RunAllTestsExt" />
			<Option target="RunAllTestsExt-gcov" />
			<Option target="XRunAllTestsExt" />
		</Unit>
		<Unit filename="cpputest/tests/CppUTestExt/MockSupport_cTestCFile.c">
			<Option compilerVar="CC" />
			<Option target="RunAllTestsExt" />
			<Option target="RunAllTestsExt-gcov" />
			<Option target="XRunAllTestsExt" />
		</Unit>
		<Unit filename="cpputest/tests/CppUTestExt/MockSupport_cTestCFile.h">
			<Option target="RunAllTestsExt" />
			<Option target="RunAllTestsExt-gcov" />
			<Option target="XRunAllTestsExt" />
		</Unit>
		<Unit filename="cpputest/tests/CppUTestExt/OrderedTestTest.cpp">
			<Option target="RunAllTestsExt" />
			<Option target="RunAllTestsExt-gcov" />
			<Option target="XRunAllTestsExt" />
		</Unit>
		<Unit filename="cpputest/tests/JUnitOutputTest.cpp">
			<Option target="RunAllTests" />
			<Option target="RunAllTests-gcov" />
			<Option target="XRunAllTests" />
		</Unit>
		<Unit filename="cpputest/tests/MemoryLeakDetectorTest.cpp">
			<Option target="RunAllTests" />
			<Option target="RunAllTests-gcov" />
			<Option target="XRunAllTests" />
		</Unit>
		<Unit filename="cpputest/tests/MemoryLeakOperatorOverloadsTest.cpp">
			<Option target="RunAllTests" />
			<Option target="RunAllTests-gcov" />
			<Option target="XRunAllTests" />
		</Unit>
		<Unit filename="cpputest/tests/MemoryLeakWarningTest.cpp">
			<Option target="RunAllTests" />
			<Option target="RunAllTests-gcov" />
			<Option target="XRunAllTests" />
		</Unit>
		<Unit filename="cpputest/tests/PluginTest.cpp">
			<Option target="RunAllTests" />
			<Option target="RunAllTests-gcov" />
			<Option target="XRunAllTests" />
		</Unit>
		<Unit filename="cpputest/tests/PreprocessorTest.cpp">
			<Option target="RunAllTests" />
			<Option target="RunAllTests-gcov" />
			<Option target="XRunAllTests" />
		</Unit>
		<Unit filename="cpputest/tests/SetPluginTest.cpp">
			<Option target="RunAllTests" />
			<Option target="RunAllTests-gcov" />
			<Option target="RunAllTestsExt" />
			<Option target="XRunAllTests" />
			<Option target="XRunAllTestsExt" />
		</Unit>
		<Unit filename="cpputest/tests/SimpleMutexTest.cpp">
			<Option target="RunAllTests" />
			<Option target="RunAllTestsExt" />
			<Option target="XRunAllTests" />
			<Option target="XRunAllTestsExt" />
		</Unit>
		<Unit filename="cpputest/tests/SimpleStringTest.cpp">
			<Option target="RunAllTests" />
			<Option target="RunAllTests-gcov" />
			<Option target="XRunAllTests" />
		</Unit>
		<Unit filename="cpputest/tests/TestFailureNaNTest.cpp">
			<Option target="RunAllTests" />
			<Option target="RunAllTests-gcov" />
			<Option target="RunAllTestsExt" />
			<Option target="XRunAllTests" />
			<Option target="XRunAllTestsExt" />
		</Unit>
		<Unit filename="cpputest/tests/TestFailureTest.cpp">
			<Option target="RunAllTests" />
			<Option target="RunAllTests-gcov" />
			<Option target="XRunAllTests" />
		</Unit>
		<Unit filename="cpputest/tests/TestFilterTest.cpp">
			<Option target="RunAllTests" />
			<Option target="RunAllTests-gcov" />
			<Option target="XRunAllTests" />
		</Unit>
		<Unit filename="cpputest/tests/TestHarness_cTest.cpp">
			<Option target="RunAllTests" />
			<Option target="RunAllTests-gcov" />
			<Option target="XRunAllTests" />
		</Unit>
		<Unit filename="cpputest/tests/TestHarness_cTestCFile.c">
			<Option compilerVar="CC" />
			<Option target="RunAllTests" />
			<Option target="RunAllTests-gcov" />
			<Option target="XRunAllTests" />
		</Unit>
		<Unit filename="cpputest/tests/TestInstallerTest.cpp">
			<Option target="RunAllTests" />
			<Option target="RunAllTests-gcov" />
			<Option target="XRunAllTests" />
		</Unit>
		<Unit filename="cpputest/tests/TestMemoryAllocatorTest.cpp">
			<Option target="RunAllTests" />
			<Option target="RunAllTests-gcov" />
			<Option target="XRunAllTests" />
		</Unit>
		<Unit filename="cpputest/tests/TestOutputTest.cpp">
			<Option target="RunAllTests" />
			<Option target="RunAllTests-gcov" />
			<Option target="XRunAllTests" />
		</Unit>
		<Unit filename="cpputest/tests/TestRegistryTest.cpp">
			<Option target="RunAllTests" />
			<Option target="RunAllTests-gcov" />
			<Option target="XRunAllTests" />
		</Unit>
		<Unit filename="cpputest/tests/TestResultTest.cpp">
			<Option target="RunAllTests" />
			<Option target="RunAllTests-gcov" />
			<Option target="XRunAllTests" />
		</Unit>
		<Unit filename="cpputest/tests/TestUTestMacro.cpp">
			<Option target="RunAllTests" />
			<Option target="RunAllTests-gcov" />
			<Option target="XRunAllTests" />
		</Unit>
		<Unit filename="cpputest/tests/UtestPlatformTest.cpp">
			<Option target="RunAllTests" />
			<Option target="RunAllTests-gcov" />
			<Option target="XRunAllTests" />
		</Unit>
		<Unit filename="cpputest/tests/UtestTest.cpp">
			<Option target="RunAllTests" />
			<Option target="RunAllTests-gcov" />
			<Option target="XRunAllTests" />
		</Unit>
		<Unit filename="xtreme/XtremeTests.cpp">
			<Option target="RunAllTests" />
			<Option target="RunAllTests-gcov" />
			<Option target="XRunAllTests" />
		</Unit>
		<Extensions>
			<code_completion />
			<envvars />
			<debugger />
		</Extensions>
	</Project>
</CodeBlocks_project_file>
